
Microsoft Visual Studio Solution File, Format Version 12.00
# Visual Studio 15
VisualStudioVersion = 15.0.27428.2037
MinimumVisualStudioVersion = 10.0.40219.1
Project("{FAE04EC0-301F-11D3-BF4B-00C04F79EFBC}") = "AMLogicFlashTool", "AMLogicFlashTool\AMLogicFlashTool.csproj", "{FAF4E2BA-28A2-4E6B-9EEC-F6886339717B}"
EndProject
Global
	GlobalSection(SolutionConfigurationPlatforms) = preSolution
		Debug|Any CPU = Debug|Any CPU
		Release|Any CPU = Release|Any CPU
	EndGlobalSection
	GlobalSection(ProjectConfigurationPlatforms) = postSolution
		{FAF4E2BA-28A2-4E6B-9EEC-F6886339717B}.Debug|Any CPU.ActiveCfg = Debug|Any CPU
		{FAF4E2BA-28A2-4E6B-9EEC-F6886339717B}.Debug|Any CPU.Build.0 = Debug|Any CPU
		{FAF4E2BA-28A2-4E6B-9EEC-F6886339717B}.Release|Any CPU.ActiveCfg = Release|Any CPU
		{FAF4E2BA-28A2-4E6B-9EEC-F6886339717B}.Release|Any CPU.Build.0 = Release|Any CPU
	EndGlobalSection
	GlobalSection(SolutionProperties) = preSolution
		HideSolutionNode = FALSE
	EndGlobalSection
	GlobalSection(ExtensibilityGlobals) = postSolution
		SolutionGuid = {D67D3D60-10E5-4C31-A766-A003938BB4AD}
	EndGlobalSection
EndGlobal
