
Microsoft Visual Studio Solution File, Format Version 12.00
# Visual Studio 15
VisualStudioVersion = 15.0.27428.2037
MinimumVisualStudioVersion = 10.0.40219.1
Project("{FAE04EC0-301F-11D3-BF4B-00C04F79EFBC}") = "AMLUpgradeInfo", "AMLUpgradeInfo\AMLUpgradeInfo.csproj", "{3EB411AB-103A-4580-97C9-551E1051BF8A}"
EndProject
Global
	GlobalSection(SolutionConfigurationPlatforms) = preSolution
		Debug|Any CPU = Debug|Any CPU
		Release|Any CPU = Release|Any CPU
	EndGlobalSection
	GlobalSection(ProjectConfigurationPlatforms) = postSolution
		{3EB411AB-103A-4580-97C9-551E1051BF8A}.Debug|Any CPU.ActiveCfg = Debug|Any CPU
		{3EB411AB-103A-4580-97C9-551E1051BF8A}.Debug|Any CPU.Build.0 = Debug|Any CPU
		{3EB411AB-103A-4580-97C9-551E1051BF8A}.Release|Any CPU.ActiveCfg = Release|Any CPU
		{3EB411AB-103A-4580-97C9-551E1051BF8A}.Release|Any CPU.Build.0 = Release|Any CPU
	EndGlobalSection
	GlobalSection(SolutionProperties) = preSolution
		HideSolutionNode = FALSE
	EndGlobalSection
	GlobalSection(ExtensibilityGlobals) = postSolution
		SolutionGuid = {6F62225E-D640-4BDF-BE31-17B71C63CD5E}
	EndGlobalSection
EndGlobal
