
Microsoft Visual Studio Solution File, Format Version 12.00
# Visual Studio 15
VisualStudioVersion = 15.0.27428.2037
MinimumVisualStudioVersion = 10.0.40219.1
Project("{FAE04EC0-301F-11D3-BF4B-00C04F79EFBC}") = "CustomizationTool", "CustomizationTool\CustomizationTool.csproj", "{72E5AEC1-1124-4EBE-B071-44D50B1607F5}"
EndProject
Global
	GlobalSection(SolutionConfigurationPlatforms) = preSolution
		Debug|Any CPU = Debug|Any CPU
		Release|Any CPU = Release|Any CPU
	EndGlobalSection
	GlobalSection(ProjectConfigurationPlatforms) = postSolution
		{72E5AEC1-1124-4EBE-B071-44D50B1607F5}.Debug|Any CPU.ActiveCfg = Debug|Any CPU
		{72E5AEC1-1124-4EBE-B071-44D50B1607F5}.Debug|Any CPU.Build.0 = Debug|Any CPU
		{72E5AEC1-1124-4EBE-B071-44D50B1607F5}.Release|Any CPU.ActiveCfg = Release|Any CPU
		{72E5AEC1-1124-4EBE-B071-44D50B1607F5}.Release|Any CPU.Build.0 = Release|Any CPU
	EndGlobalSection
	GlobalSection(SolutionProperties) = preSolution
		HideSolutionNode = FALSE
	EndGlobalSection
	GlobalSection(ExtensibilityGlobals) = postSolution
		SolutionGuid = {6192543A-4065-403E-935C-89866006BF66}
	EndGlobalSection
EndGlobal
