
Microsoft Visual Studio Solution File, Format Version 12.00
# Visual Studio 15
VisualStudioVersion = 15.0.27428.2037
MinimumVisualStudioVersion = 10.0.40219.1
Project("{FAE04EC0-301F-11D3-BF4B-00C04F79EFBC}") = "AMLUnpacker", "AMLUnpacker\AMLUnpacker.csproj", "{65B6E750-559E-4311-8D62-5BE193190BCF}"
EndProject
Global
	GlobalSection(SolutionConfigurationPlatforms) = preSolution
		Debug|Any CPU = Debug|Any CPU
		Release|Any CPU = Release|Any CPU
	EndGlobalSection
	GlobalSection(ProjectConfigurationPlatforms) = postSolution
		{65B6E750-559E-4311-8D62-5BE193190BCF}.Debug|Any CPU.ActiveCfg = Debug|Any CPU
		{65B6E750-559E-4311-8D62-5BE193190BCF}.Debug|Any CPU.Build.0 = Debug|Any CPU
		{65B6E750-559E-4311-8D62-5BE193190BCF}.Release|Any CPU.ActiveCfg = Release|Any CPU
		{65B6E750-559E-4311-8D62-5BE193190BCF}.Release|Any CPU.Build.0 = Release|Any CPU
	EndGlobalSection
	GlobalSection(SolutionProperties) = preSolution
		HideSolutionNode = FALSE
	EndGlobalSection
	GlobalSection(ExtensibilityGlobals) = postSolution
		SolutionGuid = {08FFF084-4FB1-4F6B-BA9E-D0DAB71931C6}
	EndGlobalSection
EndGlobal
